
Microsoft Visual Studio Solution File, Format Version 12.00
# Visual Studio Version 17
VisualStudioVersion = 17.4.33103.184
MinimumVisualStudioVersion = 10.0.40219.1
Project("{9A19103F-16F7-4668-BE54-9A1E7A4F7556}") = "Common", "Common\Common.csproj", "{4B0D8BDE-036B-4359-B1AB-E61B110BAFD6}"
EndProject
Project("{9A19103F-16F7-4668-BE54-9A1E7A4F7556}") = "Entities", "Entities\Entities.csproj", "{5A9A3A40-BA24-4BF2-95D4-6BAA3BA1851C}"
EndProject
Project("{9A19103F-16F7-4668-BE54-9A1E7A4F7556}") = "Data", "Data\Data.csproj", "{AD1D8065-377B-4BF4-A22A-23D8E26A40D0}"
EndProject
Project("{9A19103F-16F7-4668-BE54-9A1E7A4F7556}") = "Services", "Services\Services.csproj", "{83109D24-6BDB-41E8-AACC-2BC5574B16C7}"
EndProject
Project("{9A19103F-16F7-4668-BE54-9A1E7A4F7556}") = "Frameworks", "Frameworks\Frameworks.csproj", "{77286F68-55CF-407A-9D34-0483EDCF33D1}"
EndProject
Project("{9A19103F-16F7-4668-BE54-9A1E7A4F7556}") = "Tests", "Tests\Tests.csproj", "{05315B01-CDB6-4332-9076-567881BBEBB5}"
EndProject
Project("{FAE04EC0-301F-11D3-BF4B-00C04F79EFBC}") = "KeramatWeb", "KeramatWeb\KeramatWeb.csproj", "{62C2FBBB-5D90-4A7D-AB4D-5F1AD19CEBB5}"
EndProject
Global
	GlobalSection(SolutionConfigurationPlatforms) = preSolution
		Debug|Any CPU = Debug|Any CPU
		Release|Any CPU = Release|Any CPU
	EndGlobalSection
	GlobalSection(ProjectConfigurationPlatforms) = postSolution
		{4B0D8BDE-036B-4359-B1AB-E61B110BAFD6}.Debug|Any CPU.ActiveCfg = Debug|Any CPU
		{4B0D8BDE-036B-4359-B1AB-E61B110BAFD6}.Debug|Any CPU.Build.0 = Debug|Any CPU
		{4B0D8BDE-036B-4359-B1AB-E61B110BAFD6}.Release|Any CPU.ActiveCfg = Release|Any CPU
		{4B0D8BDE-036B-4359-B1AB-E61B110BAFD6}.Release|Any CPU.Build.0 = Release|Any CPU
		{5A9A3A40-BA24-4BF2-95D4-6BAA3BA1851C}.Debug|Any CPU.ActiveCfg = Debug|Any CPU
		{5A9A3A40-BA24-4BF2-95D4-6BAA3BA1851C}.Debug|Any CPU.Build.0 = Debug|Any CPU
		{5A9A3A40-BA24-4BF2-95D4-6BAA3BA1851C}.Release|Any CPU.ActiveCfg = Release|Any CPU
		{5A9A3A40-BA24-4BF2-95D4-6BAA3BA1851C}.Release|Any CPU.Build.0 = Release|Any CPU
		{AD1D8065-377B-4BF4-A22A-23D8E26A40D0}.Debug|Any CPU.ActiveCfg = Debug|Any CPU
		{AD1D8065-377B-4BF4-A22A-23D8E26A40D0}.Debug|Any CPU.Build.0 = Debug|Any CPU
		{AD1D8065-377B-4BF4-A22A-23D8E26A40D0}.Release|Any CPU.ActiveCfg = Release|Any CPU
		{AD1D8065-377B-4BF4-A22A-23D8E26A40D0}.Release|Any CPU.Build.0 = Release|Any CPU
		{83109D24-6BDB-41E8-AACC-2BC5574B16C7}.Debug|Any CPU.ActiveCfg = Debug|Any CPU
		{83109D24-6BDB-41E8-AACC-2BC5574B16C7}.Debug|Any CPU.Build.0 = Debug|Any CPU
		{83109D24-6BDB-41E8-AACC-2BC5574B16C7}.Release|Any CPU.ActiveCfg = Release|Any CPU
		{83109D24-6BDB-41E8-AACC-2BC5574B16C7}.Release|Any CPU.Build.0 = Release|Any CPU
		{77286F68-55CF-407A-9D34-0483EDCF33D1}.Debug|Any CPU.ActiveCfg = Debug|Any CPU
		{77286F68-55CF-407A-9D34-0483EDCF33D1}.Debug|Any CPU.Build.0 = Debug|Any CPU
		{77286F68-55CF-407A-9D34-0483EDCF33D1}.Release|Any CPU.ActiveCfg = Release|Any CPU
		{77286F68-55CF-407A-9D34-0483EDCF33D1}.Release|Any CPU.Build.0 = Release|Any CPU
		{05315B01-CDB6-4332-9076-567881BBEBB5}.Debug|Any CPU.ActiveCfg = Debug|Any CPU
		{05315B01-CDB6-4332-9076-567881BBEBB5}.Debug|Any CPU.Build.0 = Debug|Any CPU
		{05315B01-CDB6-4332-9076-567881BBEBB5}.Release|Any CPU.ActiveCfg = Release|Any CPU
		{05315B01-CDB6-4332-9076-567881BBEBB5}.Release|Any CPU.Build.0 = Release|Any CPU
		{62C2FBBB-5D90-4A7D-AB4D-5F1AD19CEBB5}.Debug|Any CPU.ActiveCfg = Debug|Any CPU
		{62C2FBBB-5D90-4A7D-AB4D-5F1AD19CEBB5}.Debug|Any CPU.Build.0 = Debug|Any CPU
		{62C2FBBB-5D90-4A7D-AB4D-5F1AD19CEBB5}.Release|Any CPU.ActiveCfg = Release|Any CPU
		{62C2FBBB-5D90-4A7D-AB4D-5F1AD19CEBB5}.Release|Any CPU.Build.0 = Release|Any CPU
	EndGlobalSection
	GlobalSection(SolutionProperties) = preSolution
		HideSolutionNode = FALSE
	EndGlobalSection
	GlobalSection(ExtensibilityGlobals) = postSolution
		SolutionGuid = {4CEB3E4C-23C9-4D8B-83FE-B42D8E2795CB}
	EndGlobalSection
EndGlobal
